
Microsoft Visual Studio Solution File, Format Version 12.00
# Visual Studio Version 17
VisualStudioVersion = 17.1.32319.34
MinimumVisualStudioVersion = 10.0.40219.1
Project("{FAE04EC0-301F-11D3-BF4B-00C04F79EFBC}") = "LinksTelegramBot", "LinksTelegramBot\LinksTelegramBot.csproj", "{133DE6E1-9269-44E7-BFF6-8CC829E4D126}"
EndProject
Global
	GlobalSection(SolutionConfigurationPlatforms) = preSolution
		Debug|Any CPU = Debug|Any CPU
		Release|Any CPU = Release|Any CPU
	EndGlobalSection
	GlobalSection(ProjectConfigurationPlatforms) = postSolution
		{133DE6E1-9269-44E7-BFF6-8CC829E4D126}.Debug|Any CPU.ActiveCfg = Debug|Any CPU
		{133DE6E1-9269-44E7-BFF6-8CC829E4D126}.Debug|Any CPU.Build.0 = Debug|Any CPU
		{133DE6E1-9269-44E7-BFF6-8CC829E4D126}.Release|Any CPU.ActiveCfg = Release|Any CPU
		{133DE6E1-9269-44E7-BFF6-8CC829E4D126}.Release|Any CPU.Build.0 = Release|Any CPU
	EndGlobalSection
	GlobalSection(SolutionProperties) = preSolution
		HideSolutionNode = FALSE
	EndGlobalSection
	GlobalSection(ExtensibilityGlobals) = postSolution
		SolutionGuid = {DD1B0D3B-5A57-4FE9-A01B-0EE8416666A5}
	EndGlobalSection
EndGlobal
